<?xml version="1.0" encoding="utf-8"?>
<Project ToolsVersion="4.0" xmlns="http://schemas.microsoft.com/developer/msbuild/2003">
  <ItemGroup>
    <Filter Include="ソース ファイル">
      <UniqueIdentifier>{4FC737F1-C7A5-4376-A066-2A32D752A2FF}</UniqueIdentifier>
      <Extensions>cpp;c;cc;cxx;def;odl;idl;hpj;bat;asm;asmx</Extensions>
    </Filter>
    <Filter Include="ヘッダー ファイル">
      <UniqueIdentifier>{93995380-89BD-4b04-88EB-625FBE52EBFB}</UniqueIdentifier>
      <Extensions>h;hh;hpp;hxx;hm;inl;inc;ipp;xsd</Extensions>
    </Filter>
    <Filter Include="リソース ファイル">
      <UniqueIdentifier>{67DA6AB6-F800-4c08-8B7A-83BB121AAD01}</UniqueIdentifier>
      <Extensions>rc;ico;cur;bmp;dlg;rc2;rct;bin;rgs;gif;jpg;jpeg;jpe;resx;tiff;tif;png;wav;mfcribbon-ms</Extensions>
    </Filter>
    <Filter Include="ソース ファイル\Janken">
      <UniqueIdentifier>{7d6d7a47-7678-4d58-ad4c-6944e9e46927}</UniqueIdentifier>
    </Filter>
    <Filter Include="ヘッダー ファイル\Janken">
      <UniqueIdentifier>{5fb5ec75-2f6c-496e-bfad-5ba00dbc5334}</UniqueIdentifier>
    </Filter>
    <Filter Include="ソース ファイル\Shiritori">
      <UniqueIdentifier>{8565dde0-0301-4d46-aa8f-78bec16d94a0}</UniqueIdentifier>
    </Filter>
    <Filter Include="ヘッダー ファイル\Shiritori">
      <UniqueIdentifier>{378b7939-7dc8-4e8a-8729-7a40535eb8aa}</UniqueIdentifier>
    </Filter>
    <Filter Include="ソース ファイル\Utility">
      <UniqueIdentifier>{6c6def98-1b62-4031-b78d-9f53270a20de}</UniqueIdentifier>
    </Filter>
    <Filter Include="ヘッダー ファイル\Utility">
      <UniqueIdentifier>{e34271c5-b686-4af8-ba7c-df0f0afddbc6}</UniqueIdentifier>
    </Filter>
    <Filter Include="ソース ファイル\LeetQuiz">
      <UniqueIdentifier>{08855c5f-06c7-4111-8c47-2c4924e8f8ee}</UniqueIdentifier>
    </Filter>
    <Filter Include="ヘッダー ファイル\LeetQuiz">
      <UniqueIdentifier>{e09aa219-a30b-4598-a5e6-14f886591629}</UniqueIdentifier>
    </Filter>
  </ItemGroup>
  <ItemGroup>
    <ClCompile Include="main.cpp">
      <Filter>ソース ファイル</Filter>
    </ClCompile>
    <ClCompile Include="Janken\JankenMain.cpp">
      <Filter>ソース ファイル\Janken</Filter>
    </ClCompile>
    <ClCompile Include="Rand.cpp">
      <Filter>ソース ファイル\Utility</Filter>
    </ClCompile>
    <ClCompile Include="Shiritori\SoloShiritoriMain.cpp">
      <Filter>ソース ファイル\Shiritori</Filter>
    </ClCompile>
    <ClCompile Include="LeetQuiz\LeetQuizMain.cpp">
      <Filter>ソース ファイル\LeetQuiz</Filter>
    </ClCompile>
  </ItemGroup>
  <ItemGroup>
    <ClInclude Include="Janken\JankenData.h">
      <Filter>ヘッダー ファイル\Janken</Filter>
    </ClInclude>
    <ClInclude Include="Janken\JankenMain.h">
      <Filter>ヘッダー ファイル\Janken</Filter>
    </ClInclude>
    <ClInclude Include="Rand.h">
      <Filter>ヘッダー ファイル\Utility</Filter>
    </ClInclude>
    <ClInclude Include="Shiritori\SoloShiritoriMain.h">
      <Filter>ヘッダー ファイル\Shiritori</Filter>
    </ClInclude>
    <ClInclude Include="Shiritori\SoloShiritori.h">
      <Filter>ヘッダー ファイル\Shiritori</Filter>
    </ClInclude>
    <ClInclude Include="Utility.h">
      <Filter>ヘッダー ファイル\Utility</Filter>
    </ClInclude>
    <ClInclude Include="LeetQuiz\LeetQuizMain.h">
      <Filter>ヘッダー ファイル\LeetQuiz</Filter>
    </ClInclude>
    <ClInclude Include="LeetQuiz\LeetQuiz.h">
      <Filter>ヘッダー ファイル\LeetQuiz</Filter>
    </ClInclude>
  </ItemGroup>
</Project>